// !$*UTF8*$!
{
	archiveVersion = 1;
	classes = {
	};
	objectVersion = 46;
	objects = {

/* Begin PBXBuildFile section */
		209BE38D1DB8429F00352C3B /* AppDelegate.swift in Sources */ = {isa = PBXBuildFile; fileRef = 209BE38C1DB8429F00352C3B /* AppDelegate.swift */; };
		209BE38F1DB8429F00352C3B /* ViewController.swift in Sources */ = {isa = PBXBuildFile; fileRef = 209BE38E1DB8429F00352C3B /* ViewController.swift */; };
		209BE3921DB8429F00352C3B /* Main.storyboard in Resources */ = {isa = PBXBuildFile; fileRef = 209BE3901DB8429F00352C3B /* Main.storyboard */; };
		209BE3941DB8429F00352C3B /* Assets.xcassets in Resources */ = {isa = PBXBuildFile; fileRef = 209BE3931DB8429F00352C3B /* Assets.xcassets */; };
		209BE3971DB8429F00352C3B /* LaunchScreen.storyboard in Resources */ = {isa = PBXBuildFile; fileRef = 209BE3951DB8429F00352C3B /* LaunchScreen.storyboard */; };
		209BE3A21DB8429F00352C3B /* ExpressionEditorTests.swift in Sources */ = {isa = PBXBuildFile; fileRef = 209BE3A11DB8429F00352C3B /* ExpressionEditorTests.swift */; };
/* End PBXBuildFile section */

/* Begin PBXContainerItemProxy section */
		209BE39E1DB8429F00352C3B /* PBXContainerItemProxy */ = {
			isa = PBXContainerItemProxy;
			containerPortal = 209BE3811DB8429F00352C3B /* Project object */;
			proxyType = 1;
			remoteGlobalIDString = 209BE3881DB8429F00352C3B;
			remoteInfo = ExpressionEditor;
		};
/* End PBXContainerItemProxy section */

/* Begin PBXFileReference section */
		209BE3891DB8429F00352C3B /* ExpressionEditor.app */ = {isa = PBXFileReference; explicitFileType = wrapper.application; includeInIndex = 0; path = ExpressionEditor.app; sourceTree = BUILT_PRODUCTS_DIR; };
		209BE38C1DB8429F00352C3B /* AppDelegate.swift */ = {isa = PBXFileReference; lastKnownFileType = sourcecode.swift; path = AppDelegate.swift; sourceTree = "<group>"; };
		209BE38E1DB8429F00352C3B /* ViewController.swift */ = {isa = PBXFileReference; lastKnownFileType = sourcecode.swift; path = ViewController.swift; sourceTree = "<group>"; };
		209BE3911DB8429F00352C3B /* Base */ = {isa = PBXFileReference; lastKnownFileType = file.storyboard; name = Base; path = Base.lproj/Main.storyboard; sourceTree = "<group>"; };
		209BE3931DB8429F00352C3B /* Assets.xcassets */ = {isa = PBXFileReference; lastKnownFileType = folder.assetcatalog; path = Assets.xcassets; sourceTree = "<group>"; };
		209BE3961DB8429F00352C3B /* Base */ = {isa = PBXFileReference; lastKnownFileType = file.storyboard; name = Base; path = Base.lproj/LaunchScreen.storyboard; sourceTree = "<group>"; };
		209BE3981DB8429F00352C3B /* Info.plist */ = {isa = PBXFileReference; lastKnownFileType = text.plist.xml; path = Info.plist; sourceTree = "<group>"; };
		209BE39D1DB8429F00352C3B /* ExpressionEditorTests.xctest */ = {isa = PBXFileReference; explicitFileType = wrapper.cfbundle; includeInIndex = 0; path = ExpressionEditorTests.xctest; sourceTree = BUILT_PRODUCTS_DIR; };
		209BE3A11DB8429F00352C3B /* ExpressionEditorTests.swift */ = {isa = PBXFileReference; lastKnownFileType = sourcecode.swift; path = ExpressionEditorTests.swift; sourceTree = "<group>"; };
		209BE3A31DB8429F00352C3B /* Info.plist */ = {isa = PBXFileReference; lastKnownFileType = text.plist.xml; path = Info.plist; sourceTree = "<group>"; };
/* End PBXFileReference section */

/* Begin PBXFrameworksBuildPhase section */
		209BE3861DB8429F00352C3B /* Frameworks */ = {
			isa = PBXFrameworksBuildPhase;
			buildActionMask = 2147483647;
			files = (
			);
			runOnlyForDeploymentPostprocessing = 0;
		};
		209BE39A1DB8429F00352C3B /* Frameworks */ = {
			isa = PBXFrameworksBuildPhase;
			buildActionMask = 2147483647;
			files = (
			);
			runOnlyForDeploymentPostprocessing = 0;
		};
/* End PBXFrameworksBuildPhase section */

/* Begin PBXGroup section */
		209BE3801DB8429F00352C3B = {
			isa = PBXGroup;
			children = (
				209BE38B1DB8429F00352C3B /* ExpressionEditor */,
				209BE3A01DB8429F00352C3B /* ExpressionEditorTests */,
				209BE38A1DB8429F00352C3B /* Products */,
			);
			sourceTree = "<group>";
		};
		209BE38A1DB8429F00352C3B /* Products */ = {
			isa = PBXGroup;
			children = (
				209BE3891DB8429F00352C3B /* ExpressionEditor.app */,
				209BE39D1DB8429F00352C3B /* ExpressionEditorTests.xctest */,
			);
			name = Products;
			sourceTree = "<group>";
		};
		209BE38B1DB8429F00352C3B /* ExpressionEditor */ = {
			isa = PBXGroup;
			children = (
				209BE38C1DB8429F00352C3B /* AppDelegate.swift */,
				209BE38E1DB8429F00352C3B /* ViewController.swift */,
				209BE3901DB8429F00352C3B /* Main.storyboard */,
				209BE3931DB8429F00352C3B /* Assets.xcassets */,
				209BE3951DB8429F00352C3B /* LaunchScreen.storyboard */,
				209BE3981DB8429F00352C3B /* Info.plist */,
			);
			path = ExpressionEditor;
			sourceTree = "<group>";
		};
		209BE3A01DB8429F00352C3B /* ExpressionEditorTests */ = {
			isa = PBXGroup;
			children = (
				209BE3A11DB8429F00352C3B /* ExpressionEditorTests.swift */,
				209BE3A31DB8429F00352C3B /* Info.plist */,
			);
			path = ExpressionEditorTests;
			sourceTree = "<group>";
		};
/* End PBXGroup section */

/* Begin PBXNativeTarget section */
		209BE3881DB8429F00352C3B /* ExpressionEditor */ = {
			isa = PBXNativeTarget;
			buildConfigurationList = 209BE3A61DB8429F00352C3B /* Build configuration list for PBXNativeTarget "ExpressionEditor" */;
			buildPhases = (
				209BE3851DB8429F00352C3B /* Sources */,
				209BE3861DB8429F00352C3B /* Frameworks */,
				209BE3871DB8429F00352C3B /* Resources */,
			);
			buildRules = (
			);
			dependencies = (
			);
			name = ExpressionEditor;
			productName = ExpressionEditor;
			productReference = 209BE3891DB8429F00352C3B /* ExpressionEditor.app */;
			productType = "com.apple.product-type.application";
		};
		209BE39C1DB8429F00352C3B /* ExpressionEditorTests */ = {
			isa = PBXNativeTarget;
			buildConfigurationList = 209BE3A91DB8429F00352C3B /* Build configuration list for PBXNativeTarget "ExpressionEditorTests" */;
			buildPhases = (
				209BE3991DB8429F00352C3B /* Sources */,
				209BE39A1DB8429F00352C3B /* Frameworks */,
				209BE39B1DB8429F00352C3B /* Resources */,
			);
			buildRules = (
			);
			dependencies = (
				209BE39F1DB8429F00352C3B /* PBXTargetDependency */,
			);
			name = ExpressionEditorTests;
			productName = ExpressionEditorTests;
			productReference = 209BE39D1DB8429F00352C3B /* ExpressionEditorTests.xctest */;
			productType = "com.apple.product-type.bundle.unit-test";
		};
/* End PBXNativeTarget section */

/* Begin PBXProject section */
		209BE3811DB8429F00352C3B /* Project object */ = {
			isa = PBXProject;
			attributes = {
				LastSwiftUpdateCheck = 0800;
				LastUpgradeCheck = 0800;
				ORGANIZATIONNAME = EandZ;
				TargetAttributes = {
					209BE3881DB8429F00352C3B = {
						CreatedOnToolsVersion = 8.0;
						DevelopmentTeam = R2HR4QQ5DH;
						ProvisioningStyle = Automatic;
					};
					209BE39C1DB8429F00352C3B = {
						CreatedOnToolsVersion = 8.0;
						DevelopmentTeam = R2HR4QQ5DH;
						ProvisioningStyle = Automatic;
						TestTargetID = 209BE3881DB8429F00352C3B;
					};
				};
			};
			buildConfigurationList = 209BE3841DB8429F00352C3B /* Build configuration list for PBXProject "ExpressionEditor" */;
			compatibilityVersion = "Xcode 3.2";
			developmentRegion = English;
			hasScannedForEncodings = 0;
			knownRegions = (
				en,
				Base,
			);
			mainGroup = 209BE3801DB8429F00352C3B;
			productRefGroup = 209BE38A1DB8429F00352C3B /* Products */;
			projectDirPath = "";
			projectRoot = "";
			targets = (
				209BE3881DB8429F00352C3B /* ExpressionEditor */,
				209BE39C1DB8429F00352C3B /* ExpressionEditorTests */,
			);
		};
/* End PBXProject section */

/* Begin PBXResourcesBuildPhase section */
		209BE3871DB8429F00352C3B /* Resources */ = {
			isa = PBXResourcesBuildPhase;
			buildActionMask = 2147483647;
			files = (
				209BE3971DB8429F00352C3B /* LaunchScreen.storyboard in Resources */,
				209BE3941DB8429F00352C3B /* Assets.xcassets in Resources */,
				209BE3921DB8429F00352C3B /* Main.storyboard in Resources */,
			);
			runOnlyForDeploymentPostprocessing = 0;
		};
		209BE39B1DB8429F00352C3B /* Resources */ = {
			isa = PBXResourcesBuildPhase;
			buildActionMask = 2147483647;
			files = (
			);
			runOnlyForDeploymentPostprocessing = 0;
		};
/* End PBXResourcesBuildPhase section */

/* Begin PBXSourcesBuildPhase section */
		209BE3851DB8429F00352C3B /* Sources */ = {
			isa = PBXSourcesBuildPhase;
			buildActionMask = 2147483647;
			files = (
				209BE38F1DB8429F00352C3B /* ViewController.swift in Sources */,
				209BE38D1DB8429F00352C3B /* AppDelegate.swift in Sources */,
			);
			runOnlyForDeploymentPostprocessing = 0;
		};
		209BE3991DB8429F00352C3B /* Sources */ = {
			isa = PBXSourcesBuildPhase;
			buildActionMask = 2147483647;
			files = (
				209BE3A21DB8429F00352C3B /* ExpressionEditorTests.swift in Sources */,
			);
			runOnlyForDeploymentPostprocessing = 0;
		};
/* End PBXSourcesBuildPhase section */

/* Begin PBXTargetDependency section */
		209BE39F1DB8429F00352C3B /* PBXTargetDependency */ = {
			isa = PBXTargetDependency;
			target = 209BE3881DB8429F00352C3B /* ExpressionEditor */;
			targetProxy = 209BE39E1DB8429F00352C3B /* PBXContainerItemProxy */;
		};
/* End PBXTargetDependency section */

/* Begin PBXVariantGroup section */
		209BE3901DB8429F00352C3B /* Main.storyboard */ = {
			isa = PBXVariantGroup;
			children = (
				209BE3911DB8429F00352C3B /* Base */,
			);
			name = Main.storyboard;
			sourceTree = "<group>";
		};
		209BE3951DB8429F00352C3B /* LaunchScreen.storyboard */ = {
			isa = PBXVariantGroup;
			children = (
				209BE3961DB8429F00352C3B /* Base */,
			);
			name = LaunchScreen.storyboard;
			sourceTree = "<group>";
		};
/* End PBXVariantGroup section */

/* Begin XCBuildConfiguration section */
		209BE3A41DB8429F00352C3B /* Debug */ = {
			isa = XCBuildConfiguration;
			buildSettings = {
				ALWAYS_SEARCH_USER_PATHS = NO;
				CLANG_ANALYZER_NONNULL = YES;
				CLANG_CXX_LANGUAGE_STANDARD = "gnu++0x";
				CLANG_CXX_LIBRARY = "libc++";
				CLANG_ENABLE_MODULES = YES;
				CLANG_ENABLE_OBJC_ARC = YES;
				CLANG_WARN_BOOL_CONVERSION = YES;
				CLANG_WARN_CONSTANT_CONVERSION = YES;
				CLANG_WARN_DIRECT_OBJC_ISA_USAGE = YES_ERROR;
				CLANG_WARN_DOCUMENTATION_COMMENTS = YES;
				CLANG_WARN_EMPTY_BODY = YES;
				CLANG_WARN_ENUM_CONVERSION = YES;
				CLANG_WARN_INFINITE_RECURSION = YES;
				CLANG_WARN_INT_CONVERSION = YES;
				CLANG_WARN_OBJC_ROOT_CLASS = YES_ERROR;
				CLANG_WARN_SUSPICIOUS_MOVES = YES;
				CLANG_WARN_UNREACHABLE_CODE = YES;
				CLANG_WARN__DUPLICATE_METHOD_MATCH = YES;
				"CODE_SIGN_IDENTITY[sdk=iphoneos*]" = "iPhone Developer";
				COPY_PHASE_STRIP = NO;
				DEBUG_INFORMATION_FORMAT = dwarf;
				ENABLE_STRICT_OBJC_MSGSEND = YES;
				ENABLE_TESTABILITY = YES;
				GCC_C_LANGUAGE_STANDARD = gnu99;
				GCC_DYNAMIC_NO_PIC = NO;
				GCC_NO_COMMON_BLOCKS = YES;
				GCC_OPTIMIZATION_LEVEL = 0;
				GCC_PREPROCESSOR_DEFINITIONS = (
					"DEBUG=1",
					"$(inherited)",
				);
				GCC_WARN_64_TO_32_BIT_CONVERSION = YES;
				GCC_WARN_ABOUT_RETURN_TYPE = YES_ERROR;
				GCC_WARN_UNDECLARED_SELECTOR = YES;
				GCC_WARN_UNINITIALIZED_AUTOS = YES_AGGRESSIVE;
				GCC_WARN_UNUSED_FUNCTION = YES;
				GCC_WARN_UNUSED_VARIABLE = YES;
				IPHONEOS_DEPLOYMENT_TARGET = 10.0;
				MTL_ENABLE_DEBUG_INFO = YES;
				ONLY_ACTIVE_ARCH = YES;
				SDKROOT = iphoneos;
				SWIFT_ACTIVE_COMPILATION_CONDITIONS = DEBUG;
				SWIFT_OPTIMIZATION_LEVEL = "-Onone";
				TARGETED_DEVICE_FAMILY = "1,2";
			};
			name = Debug;
		};
		209BE3A51DB8429F00352C3B /* Release */ = {
			isa = XCBuildConfiguration;
			buildSettings = {
				ALWAYS_SEARCH_USER_PATHS = NO;
				CLANG_ANALYZER_NONNULL = YES;
				CLANG_CXX_LANGUAGE_STANDARD = "gnu++0x";
				CLANG_CXX_LIBRARY = "libc++";
				CLANG_ENABLE_MODULES = YES;
				CLANG_ENABLE_OBJC_ARC = YES;
				CLANG_WARN_BOOL_CONVERSION = YES;
				CLANG_WARN_CONSTANT_CONVERSION = YES;
				CLANG_WARN_DIRECT_OBJC_ISA_USAGE = YES_ERROR;
				CLANG_WARN_DOCUMENTATION_COMMENTS = YES;
				CLANG_WARN_EMPTY_BODY = YES;
				CLANG_WARN_ENUM_CONVERSION = YES;
				CLANG_WARN_INFINITE_RECURSION = YES;
				CLANG_WARN_INT_CONVERSION = YES;
				CLANG_WARN_OBJC_ROOT_CLASS = YES_ERROR;
				CLANG_WARN_SUSPICIOUS_MOVES = YES;
				CLANG_WARN_UNREACHABLE_CODE = YES;
				CLANG_WARN__DUPLICATE_METHOD_MATCH = YES;
				"CODE_SIGN_IDENTITY[sdk=iphoneos*]" = "iPhone Developer";
				COPY_PHASE_STRIP = NO;
				DEBUG_INFORMATION_FORMAT = "dwarf-with-dsym";
				ENABLE_NS_ASSERTIONS = NO;
				ENABLE_STRICT_OBJC_MSGSEND = YES;
				GCC_C_LANGUAGE_STANDARD = gnu99;
				GCC_NO_COMMON_BLOCKS = YES;
				GCC_WARN_64_TO_32_BIT_CONVERSION = YES;
				GCC_WARN_ABOUT_RETURN_TYPE = YES_ERROR;
				GCC_WARN_UNDECLARED_SELECTOR = YES;
				GCC_WARN_UNINITIALIZED_AUTOS = YES_AGGRESSIVE;
				GCC_WARN_UNUSED_FUNCTION = YES;
				GCC_WARN_UNUSED_VARIABLE = YES;
				IPHONEOS_DEPLOYMENT_TARGET = 10.0;
				MTL_ENABLE_DEBUG_INFO = NO;
				SDKROOT = iphoneos;
				SWIFT_OPTIMIZATION_LEVEL = "-Owholemodule";
				TARGETED_DEVICE_FAMILY = "1,2";
				VALIDATE_PRODUCT = YES;
			};
			name = Release;
		};
		209BE3A71DB8429F00352C3B /* Debug */ = {
			isa = XCBuildConfiguration;
			buildSettings = {
				ASSETCATALOG_COMPILER_APPICON_NAME = AppIcon;
				DEVELOPMENT_TEAM = R2HR4QQ5DH;
				INFOPLIST_FILE = ExpressionEditor/Info.plist;
				LD_RUNPATH_SEARCH_PATHS = "$(inherited) @executable_path/Frameworks";
				PRODUCT_BUNDLE_IDENTIFIER = com.EZTech.ExpressionEditor;
				PRODUCT_NAME = "$(TARGET_NAME)";
				SWIFT_VERSION = 3.0;
			};
			name = Debug;
		};
		209BE3A81DB8429F00352C3B /* Release */ = {
			isa = XCBuildConfiguration;
			buildSettings = {
				ASSETCATALOG_COMPILER_APPICON_NAME = AppIcon;
				DEVELOPMENT_TEAM = R2HR4QQ5DH;
				INFOPLIST_FILE = ExpressionEditor/Info.plist;
				LD_RUNPATH_SEARCH_PATHS = "$(inherited) @executable_path/Frameworks";
				PRODUCT_BUNDLE_IDENTIFIER = com.EZTech.ExpressionEditor;
				PRODUCT_NAME = "$(TARGET_NAME)";
				SWIFT_VERSION = 3.0;
			};
			name = Release;
		};
		209BE3AA1DB8429F00352C3B /* Debug */ = {
			isa = XCBuildConfiguration;
			buildSettings = {
				ALWAYS_EMBED_SWIFT_STANDARD_LIBRARIES = YES;
				BUNDLE_LOADER = "$(TEST_HOST)";
				DEVELOPMENT_TEAM = R2HR4QQ5DH;
				INFOPLIST_FILE = ExpressionEditorTests/Info.plist;
				LD_RUNPATH_SEARCH_PATHS = "$(inherited) @executable_path/Frameworks @loader_path/Frameworks";
				PRODUCT_BUNDLE_IDENTIFIER = com.EZTech.ExpressionEditorTests;
				PRODUCT_NAME = "$(TARGET_NAME)";
				SWIFT_VERSION = 3.0;
				TEST_HOST = "$(BUILT_PRODUCTS_DIR)/ExpressionEditor.app/ExpressionEditor";
			};
			name = Debug;
		};
		209BE3AB1DB8429F00352C3B /* Release */ = {
			isa = XCBuildConfiguration;
			buildSettings = {
				ALWAYS_EMBED_SWIFT_STANDARD_LIBRARIES = YES;
				BUNDLE_LOADER = "$(TEST_HOST)";
				DEVELOPMENT_TEAM = R2HR4QQ5DH;
				INFOPLIST_FILE = ExpressionEditorTests/Info.plist;
				LD_RUNPATH_SEARCH_PATHS = "$(inherited) @executable_path/Frameworks @loader_path/Frameworks";
				PRODUCT_BUNDLE_IDENTIFIER = com.EZTech.ExpressionEditorTests;
				PRODUCT_NAME = "$(TARGET_NAME)";
				SWIFT_VERSION = 3.0;
				TEST_HOST = "$(BUILT_PRODUCTS_DIR)/ExpressionEditor.app/ExpressionEditor";
			};
			name = Release;
		};
/* End XCBuildConfiguration section */

/* Begin XCConfigurationList section */
		209BE3841DB8429F00352C3B /* Build configuration list for PBXProject "ExpressionEditor" */ = {
			isa = XCConfigurationList;
			buildConfigurations = (
				209BE3A41DB8429F00352C3B /* Debug */,
				209BE3A51DB8429F00352C3B /* Release */,
			);
			defaultConfigurationIsVisible = 0;
			defaultConfigurationName = Release;
		};
		209BE3A61DB8429F00352C3B /* Build configuration list for PBXNativeTarget "ExpressionEditor" */ = {
			isa = XCConfigurationList;
			buildConfigurations = (
				209BE3A71DB8429F00352C3B /* Debug */,
				209BE3A81DB8429F00352C3B /* Release */,
			);
			defaultConfigurationIsVisible = 0;
		};
		209BE3A91DB8429F00352C3B /* Build configuration list for PBXNativeTarget "ExpressionEditorTests" */ = {
			isa = XCConfigurationList;
			buildConfigurations = (
				209BE3AA1DB8429F00352C3B /* Debug */,
				209BE3AB1DB8429F00352C3B /* Release */,
			);
			defaultConfigurationIsVisible = 0;
		};
/* End XCConfigurationList section */
	};
	rootObject = 209BE3811DB8429F00352C3B /* Project object */;
}
